
Microsoft Visual Studio Solution File, Format Version 12.00
# Visual Studio Version 17
VisualStudioVersion = 17.10.34928.147
MinimumVisualStudioVersion = 10.0.40219.1
Project("{FAE04EC0-301F-11D3-BF4B-00C04F79EFBC}") = "Grpc_AutorImagen", "Grpc_AutorImagen.csproj", "{67171720-A73D-45D6-A879-5299D7363529}"
EndProject
Global
	GlobalSection(SolutionConfigurationPlatforms) = preSolution
		Debug|Any CPU = Debug|Any CPU
		Release|Any CPU = Release|Any CPU
	EndGlobalSection
	GlobalSection(ProjectConfigurationPlatforms) = postSolution
		{67171720-A73D-45D6-A879-5299D7363529}.Debug|Any CPU.ActiveCfg = Debug|Any CPU
		{67171720-A73D-45D6-A879-5299D7363529}.Debug|Any CPU.Build.0 = Debug|Any CPU
		{67171720-A73D-45D6-A879-5299D7363529}.Release|Any CPU.ActiveCfg = Release|Any CPU
		{67171720-A73D-45D6-A879-5299D7363529}.Release|Any CPU.Build.0 = Release|Any CPU
	EndGlobalSection
	GlobalSection(SolutionProperties) = preSolution
		HideSolutionNode = FALSE
	EndGlobalSection
	GlobalSection(ExtensibilityGlobals) = postSolution
		SolutionGuid = {C58545EC-6249-4DE7-922A-CC3952D80F35}
	EndGlobalSection
EndGlobal
